{
  "version": 4,
  "terraform_version": "0.13.0",
  "serial": 4,
  "lineage": "0e551cac-ea1a-3d14-cd3e-9bea6776aec2",
  "outputs": {},
  "resources": [
    {
      "mode": "managed",
      "type": "salt_host",
      "name": "dbminion",
      "provider": "provider[\"terraform-salt.com/saltprovider/salt\"]",
      "instances": [
        {
          "index_key": 0,
          "schema_version": 0,
          "attributes": {
            "cmd_umask": null,
            "host": "127.0.0.2",
            "id": "db0",
            "minion_opts": null,
            "passwd": "123",
            "port": null,
            "priv": null,
            "salt_id": "db0",
            "sudo": null,
            "sudo_user": null,
            "thin_dir": null,
            "timeout": null,
            "tty": null,
            "user": "root"
          },
          "private": "bnVsbA=="
        },
        {
          "index_key": 1,
          "schema_version": 0,
          "attributes": {
            "cmd_umask": null,
            "host": "127.0.0.2",
            "id": "db1",
            "minion_opts": null,
            "passwd": "123",
            "port": null,
            "priv": null,
            "salt_id": "db1",
            "sudo": null,
            "sudo_user": null,
            "thin_dir": null,
            "timeout": null,
            "tty": null,
            "user": "root"
          },
          "private": "bnVsbA=="
        }
      ]
    },
    {
      "mode": "managed",
      "type": "salt_host",
      "name": "webminion",
      "provider": "provider[\"terraform-salt.com/saltprovider/salt\"]",
      "instances": [
        {
          "index_key": 0,
          "schema_version": 0,
          "attributes": {
            "cmd_umask": null,
            "host": "127.0.0.1",
            "id": "web0",
            "minion_opts": null,
            "passwd": "123",
            "port": null,
            "priv": null,
            "salt_id": "web0",
            "sudo": null,
            "sudo_user": null,
            "thin_dir": null,
            "timeout": null,
            "tty": null,
            "user": "root"
          },
          "private": "bnVsbA=="
        },
        {
          "index_key": 1,
          "schema_version": 0,
          "attributes": {
            "cmd_umask": null,
            "host": "127.0.0.1",
            "id": "web1",
            "minion_opts": null,
            "passwd": "123",
            "port": null,
            "priv": null,
            "salt_id": "web1",
            "sudo": null,
            "sudo_user": null,
            "thin_dir": null,
            "timeout": null,
            "tty": null,
            "user": "root"
          },
          "private": "bnVsbA=="
        }
      ]
    }
  ]
}
