{
    "version": 3,
    "terraform_version": "0.11.0",
    "serial": 1,
    "lineage": "5be710d4-42ec-4c15-a573-f863118d4fad",
    "modules": [
        {
            "path": [
                "root"
            ],
            "outputs": {},
            "resources": {
                "local_file.literature": {
                    "type": "local_file",
                    "depends_on": [],
                    "primary": {
                        "id": "a7a7c6581dac73510b6bc9d1f1eee7f88f27e098",
                        "attributes": {
                            "content": "      Sun Tzu said: The art of war is of vital importance to the State.\n\n      It is a matter of life and death, a road either to safety or to \n      ruin. Hence it is a subject of inquiry which can on no account be\n      neglected.\n      hahah hahah wwww\n",
                            "directory_permission": "0777",
                            "file_permission": "0777",
                            "filename": "art_of_war.txt",
                            "id": "a7a7c6581dac73510b6bc9d1f1eee7f88f27e098"
                        },
                        "meta": {},
                        "tainted": false
                    },
                    "deposed": [],
                    "provider": "provider.local"
                }
            },
            "depends_on": []
        }
    ]
}
